// !$*UTF8*$!
{
	archiveVersion = 1;
	classes = {
	};
	objectVersion = 50;
	objects = {

/* Begin PBXBuildFile section */
		186FA84B21FA03C3005E5BE0 /* Movie.swift in Sources */ = {isa = PBXBuildFile; fileRef = 186FA84A21FA03C3005E5BE0 /* Movie.swift */; };
		186FA84D21FA055A005E5BE0 /* Service.swift in Sources */ = {isa = PBXBuildFile; fileRef = 186FA84C21FA055A005E5BE0 /* Service.swift */; };
		186FA84F21FA169F005E5BE0 /* Upcoming.swift in Sources */ = {isa = PBXBuildFile; fileRef = 186FA84E21FA169F005E5BE0 /* Upcoming.swift */; };
		186FA85121FA359C005E5BE0 /* Search.swift in Sources */ = {isa = PBXBuildFile; fileRef = 186FA85021FA359C005E5BE0 /* Search.swift */; };
		186FA85421FA6CD7005E5BE0 /* GenericTableViewController.swift in Sources */ = {isa = PBXBuildFile; fileRef = 186FA85321FA6CD7005E5BE0 /* GenericTableViewController.swift */; };
		186FA85621FA8F3C005E5BE0 /* HomeViewController.swift in Sources */ = {isa = PBXBuildFile; fileRef = 186FA85521FA8F3C005E5BE0 /* HomeViewController.swift */; };
		186FA85921FAAF34005E5BE0 /* MovieTableViewCell.swift in Sources */ = {isa = PBXBuildFile; fileRef = 186FA85821FAAF34005E5BE0 /* MovieTableViewCell.swift */; };
		186FA85B21FABF7B005E5BE0 /* Colors.swift in Sources */ = {isa = PBXBuildFile; fileRef = 186FA85A21FABF7B005E5BE0 /* Colors.swift */; };
		189E1CEE21F80703003C8940 /* AppDelegate.swift in Sources */ = {isa = PBXBuildFile; fileRef = 189E1CED21F80703003C8940 /* AppDelegate.swift */; };
		189E1CF021F80703003C8940 /* ViewController.swift in Sources */ = {isa = PBXBuildFile; fileRef = 189E1CEF21F80703003C8940 /* ViewController.swift */; };
		189E1CF521F8070E003C8940 /* Assets.xcassets in Resources */ = {isa = PBXBuildFile; fileRef = 189E1CF421F8070E003C8940 /* Assets.xcassets */; };
		189E1CF821F8070E003C8940 /* LaunchScreen.storyboard in Resources */ = {isa = PBXBuildFile; fileRef = 189E1CF621F8070E003C8940 /* LaunchScreen.storyboard */; };
		189E1D0321F8070F003C8940 /* TMDB_ChallengeTests.swift in Sources */ = {isa = PBXBuildFile; fileRef = 189E1D0221F8070F003C8940 /* TMDB_ChallengeTests.swift */; };
		189E1D0E21F8070F003C8940 /* TMDB_ChallengeUITests.swift in Sources */ = {isa = PBXBuildFile; fileRef = 189E1D0D21F8070F003C8940 /* TMDB_ChallengeUITests.swift */; };
		256C712AAABD72ED9867D382 /* Pods_TMDB_ChallengeUITests.framework in Frameworks */ = {isa = PBXBuildFile; fileRef = 17D552B381BCB1F891F7296D /* Pods_TMDB_ChallengeUITests.framework */; };
		4B5DF86383AB47108EB8E61B /* Pods_TMDB_Challenge.framework in Frameworks */ = {isa = PBXBuildFile; fileRef = 78AC0426DB15B6B2C68DBA49 /* Pods_TMDB_Challenge.framework */; };
		BDFBEA174D9D816657754776 /* Pods_TMDB_ChallengeTests.framework in Frameworks */ = {isa = PBXBuildFile; fileRef = C38243BA956107650F0BD30C /* Pods_TMDB_ChallengeTests.framework */; };
/* End PBXBuildFile section */

/* Begin PBXContainerItemProxy section */
		189E1CFF21F8070F003C8940 /* PBXContainerItemProxy */ = {
			isa = PBXContainerItemProxy;
			containerPortal = 189E1CE221F80703003C8940 /* Project object */;
			proxyType = 1;
			remoteGlobalIDString = 189E1CE921F80703003C8940;
			remoteInfo = "TMDB-Challenge";
		};
		189E1D0A21F8070F003C8940 /* PBXContainerItemProxy */ = {
			isa = PBXContainerItemProxy;
			containerPortal = 189E1CE221F80703003C8940 /* Project object */;
			proxyType = 1;
			remoteGlobalIDString = 189E1CE921F80703003C8940;
			remoteInfo = "TMDB-Challenge";
		};
/* End PBXContainerItemProxy section */

/* Begin PBXFileReference section */
		17D552B381BCB1F891F7296D /* Pods_TMDB_ChallengeUITests.framework */ = {isa = PBXFileReference; explicitFileType = wrapper.framework; includeInIndex = 0; path = Pods_TMDB_ChallengeUITests.framework; sourceTree = BUILT_PRODUCTS_DIR; };
		186FA84A21FA03C3005E5BE0 /* Movie.swift */ = {isa = PBXFileReference; lastKnownFileType = sourcecode.swift; path = Movie.swift; sourceTree = "<group>"; };
		186FA84C21FA055A005E5BE0 /* Service.swift */ = {isa = PBXFileReference; lastKnownFileType = sourcecode.swift; path = Service.swift; sourceTree = "<group>"; };
		186FA84E21FA169F005E5BE0 /* Upcoming.swift */ = {isa = PBXFileReference; lastKnownFileType = sourcecode.swift; path = Upcoming.swift; sourceTree = "<group>"; };
		186FA85021FA359C005E5BE0 /* Search.swift */ = {isa = PBXFileReference; lastKnownFileType = sourcecode.swift; path = Search.swift; sourceTree = "<group>"; };
		186FA85321FA6CD7005E5BE0 /* GenericTableViewController.swift */ = {isa = PBXFileReference; lastKnownFileType = sourcecode.swift; path = GenericTableViewController.swift; sourceTree = "<group>"; };
		186FA85521FA8F3C005E5BE0 /* HomeViewController.swift */ = {isa = PBXFileReference; lastKnownFileType = sourcecode.swift; path = HomeViewController.swift; sourceTree = "<group>"; };
		186FA85821FAAF34005E5BE0 /* MovieTableViewCell.swift */ = {isa = PBXFileReference; lastKnownFileType = sourcecode.swift; path = MovieTableViewCell.swift; sourceTree = "<group>"; };
		186FA85A21FABF7B005E5BE0 /* Colors.swift */ = {isa = PBXFileReference; lastKnownFileType = sourcecode.swift; path = Colors.swift; sourceTree = "<group>"; };
		189E1CEA21F80703003C8940 /* TMDB-Challenge.app */ = {isa = PBXFileReference; explicitFileType = wrapper.application; includeInIndex = 0; path = "TMDB-Challenge.app"; sourceTree = BUILT_PRODUCTS_DIR; };
		189E1CED21F80703003C8940 /* AppDelegate.swift */ = {isa = PBXFileReference; lastKnownFileType = sourcecode.swift; path = AppDelegate.swift; sourceTree = "<group>"; };
		189E1CEF21F80703003C8940 /* ViewController.swift */ = {isa = PBXFileReference; lastKnownFileType = sourcecode.swift; path = ViewController.swift; sourceTree = "<group>"; };
		189E1CF421F8070E003C8940 /* Assets.xcassets */ = {isa = PBXFileReference; lastKnownFileType = folder.assetcatalog; path = Assets.xcassets; sourceTree = "<group>"; };
		189E1CF721F8070E003C8940 /* Base */ = {isa = PBXFileReference; lastKnownFileType = file.storyboard; name = Base; path = Base.lproj/LaunchScreen.storyboard; sourceTree = "<group>"; };
		189E1CF921F8070E003C8940 /* Info.plist */ = {isa = PBXFileReference; lastKnownFileType = text.plist.xml; path = Info.plist; sourceTree = "<group>"; };
		189E1CFE21F8070F003C8940 /* TMDB-ChallengeTests.xctest */ = {isa = PBXFileReference; explicitFileType = wrapper.cfbundle; includeInIndex = 0; path = "TMDB-ChallengeTests.xctest"; sourceTree = BUILT_PRODUCTS_DIR; };
		189E1D0221F8070F003C8940 /* TMDB_ChallengeTests.swift */ = {isa = PBXFileReference; lastKnownFileType = sourcecode.swift; path = TMDB_ChallengeTests.swift; sourceTree = "<group>"; };
		189E1D0421F8070F003C8940 /* Info.plist */ = {isa = PBXFileReference; lastKnownFileType = text.plist.xml; path = Info.plist; sourceTree = "<group>"; };
		189E1D0921F8070F003C8940 /* TMDB-ChallengeUITests.xctest */ = {isa = PBXFileReference; explicitFileType = wrapper.cfbundle; includeInIndex = 0; path = "TMDB-ChallengeUITests.xctest"; sourceTree = BUILT_PRODUCTS_DIR; };
		189E1D0D21F8070F003C8940 /* TMDB_ChallengeUITests.swift */ = {isa = PBXFileReference; lastKnownFileType = sourcecode.swift; path = TMDB_ChallengeUITests.swift; sourceTree = "<group>"; };
		189E1D0F21F8070F003C8940 /* Info.plist */ = {isa = PBXFileReference; lastKnownFileType = text.plist.xml; path = Info.plist; sourceTree = "<group>"; };
		607353A3AE5CFE512810A1EA /* Pods-TMDB-ChallengeUITests.release.xcconfig */ = {isa = PBXFileReference; includeInIndex = 1; lastKnownFileType = text.xcconfig; name = "Pods-TMDB-ChallengeUITests.release.xcconfig"; path = "Pods/Target Support Files/Pods-TMDB-ChallengeUITests/Pods-TMDB-ChallengeUITests.release.xcconfig"; sourceTree = "<group>"; };
		6F0080E379FBA8D603EBA446 /* Pods-TMDB-ChallengeTests.debug.xcconfig */ = {isa = PBXFileReference; includeInIndex = 1; lastKnownFileType = text.xcconfig; name = "Pods-TMDB-ChallengeTests.debug.xcconfig"; path = "Pods/Target Support Files/Pods-TMDB-ChallengeTests/Pods-TMDB-ChallengeTests.debug.xcconfig"; sourceTree = "<group>"; };
		78AC0426DB15B6B2C68DBA49 /* Pods_TMDB_Challenge.framework */ = {isa = PBXFileReference; explicitFileType = wrapper.framework; includeInIndex = 0; path = Pods_TMDB_Challenge.framework; sourceTree = BUILT_PRODUCTS_DIR; };
		BF60C671E180D09A14864031 /* Pods-TMDB-Challenge.release.xcconfig */ = {isa = PBXFileReference; includeInIndex = 1; lastKnownFileType = text.xcconfig; name = "Pods-TMDB-Challenge.release.xcconfig"; path = "Pods/Target Support Files/Pods-TMDB-Challenge/Pods-TMDB-Challenge.release.xcconfig"; sourceTree = "<group>"; };
		C145FC99F0E68E258D9624E4 /* Pods-TMDB-Challenge.debug.xcconfig */ = {isa = PBXFileReference; includeInIndex = 1; lastKnownFileType = text.xcconfig; name = "Pods-TMDB-Challenge.debug.xcconfig"; path = "Pods/Target Support Files/Pods-TMDB-Challenge/Pods-TMDB-Challenge.debug.xcconfig"; sourceTree = "<group>"; };
		C38243BA956107650F0BD30C /* Pods_TMDB_ChallengeTests.framework */ = {isa = PBXFileReference; explicitFileType = wrapper.framework; includeInIndex = 0; path = Pods_TMDB_ChallengeTests.framework; sourceTree = BUILT_PRODUCTS_DIR; };
		D50F57315F6E89512F3DA81C /* Pods-TMDB-ChallengeUITests.debug.xcconfig */ = {isa = PBXFileReference; includeInIndex = 1; lastKnownFileType = text.xcconfig; name = "Pods-TMDB-ChallengeUITests.debug.xcconfig"; path = "Pods/Target Support Files/Pods-TMDB-ChallengeUITests/Pods-TMDB-ChallengeUITests.debug.xcconfig"; sourceTree = "<group>"; };
		D9734B17EC711D1A2DDBA30B /* Pods-TMDB-ChallengeTests.release.xcconfig */ = {isa = PBXFileReference; includeInIndex = 1; lastKnownFileType = text.xcconfig; name = "Pods-TMDB-ChallengeTests.release.xcconfig"; path = "Pods/Target Support Files/Pods-TMDB-ChallengeTests/Pods-TMDB-ChallengeTests.release.xcconfig"; sourceTree = "<group>"; };
/* End PBXFileReference section */

/* Begin PBXFrameworksBuildPhase section */
		189E1CE721F80703003C8940 /* Frameworks */ = {
			isa = PBXFrameworksBuildPhase;
			buildActionMask = 2147483647;
			files = (
				4B5DF86383AB47108EB8E61B /* Pods_TMDB_Challenge.framework in Frameworks */,
			);
			runOnlyForDeploymentPostprocessing = 0;
		};
		189E1CFB21F8070F003C8940 /* Frameworks */ = {
			isa = PBXFrameworksBuildPhase;
			buildActionMask = 2147483647;
			files = (
				BDFBEA174D9D816657754776 /* Pods_TMDB_ChallengeTests.framework in Frameworks */,
			);
			runOnlyForDeploymentPostprocessing = 0;
		};
		189E1D0621F8070F003C8940 /* Frameworks */ = {
			isa = PBXFrameworksBuildPhase;
			buildActionMask = 2147483647;
			files = (
				256C712AAABD72ED9867D382 /* Pods_TMDB_ChallengeUITests.framework in Frameworks */,
			);
			runOnlyForDeploymentPostprocessing = 0;
		};
/* End PBXFrameworksBuildPhase section */

/* Begin PBXGroup section */
		186FA84821F9FEF1005E5BE0 /* Models */ = {
			isa = PBXGroup;
			children = (
				186FA84A21FA03C3005E5BE0 /* Movie.swift */,
				186FA84E21FA169F005E5BE0 /* Upcoming.swift */,
				186FA85021FA359C005E5BE0 /* Search.swift */,
			);
			path = Models;
			sourceTree = "<group>";
		};
		186FA84921F9FEF8005E5BE0 /* Utils */ = {
			isa = PBXGroup;
			children = (
				186FA84C21FA055A005E5BE0 /* Service.swift */,
				186FA85A21FABF7B005E5BE0 /* Colors.swift */,
			);
			path = Utils;
			sourceTree = "<group>";
		};
		186FA85221FA6CAF005E5BE0 /* Controllers */ = {
			isa = PBXGroup;
			children = (
				189E1CEF21F80703003C8940 /* ViewController.swift */,
				186FA85321FA6CD7005E5BE0 /* GenericTableViewController.swift */,
				186FA85521FA8F3C005E5BE0 /* HomeViewController.swift */,
			);
			path = Controllers;
			sourceTree = "<group>";
		};
		186FA85721FAAF15005E5BE0 /* Cells */ = {
			isa = PBXGroup;
			children = (
				186FA85821FAAF34005E5BE0 /* MovieTableViewCell.swift */,
			);
			path = Cells;
			sourceTree = "<group>";
		};
		189E1CE121F80703003C8940 = {
			isa = PBXGroup;
			children = (
				189E1CEC21F80703003C8940 /* TMDB-Challenge */,
				189E1D0121F8070F003C8940 /* TMDB-ChallengeTests */,
				189E1D0C21F8070F003C8940 /* TMDB-ChallengeUITests */,
				189E1CEB21F80703003C8940 /* Products */,
				A6D83D89E7E9F0DC2BEA5FFE /* Pods */,
				47385C4A0BEC05F7898492F9 /* Frameworks */,
			);
			sourceTree = "<group>";
		};
		189E1CEB21F80703003C8940 /* Products */ = {
			isa = PBXGroup;
			children = (
				189E1CEA21F80703003C8940 /* TMDB-Challenge.app */,
				189E1CFE21F8070F003C8940 /* TMDB-ChallengeTests.xctest */,
				189E1D0921F8070F003C8940 /* TMDB-ChallengeUITests.xctest */,
			);
			name = Products;
			sourceTree = "<group>";
		};
		189E1CEC21F80703003C8940 /* TMDB-Challenge */ = {
			isa = PBXGroup;
			children = (
				186FA85721FAAF15005E5BE0 /* Cells */,
				186FA85221FA6CAF005E5BE0 /* Controllers */,
				186FA84921F9FEF8005E5BE0 /* Utils */,
				186FA84821F9FEF1005E5BE0 /* Models */,
				189E1CED21F80703003C8940 /* AppDelegate.swift */,
				189E1CF421F8070E003C8940 /* Assets.xcassets */,
				189E1CF621F8070E003C8940 /* LaunchScreen.storyboard */,
				189E1CF921F8070E003C8940 /* Info.plist */,
			);
			path = "TMDB-Challenge";
			sourceTree = "<group>";
		};
		189E1D0121F8070F003C8940 /* TMDB-ChallengeTests */ = {
			isa = PBXGroup;
			children = (
				189E1D0221F8070F003C8940 /* TMDB_ChallengeTests.swift */,
				189E1D0421F8070F003C8940 /* Info.plist */,
			);
			path = "TMDB-ChallengeTests";
			sourceTree = "<group>";
		};
		189E1D0C21F8070F003C8940 /* TMDB-ChallengeUITests */ = {
			isa = PBXGroup;
			children = (
				189E1D0D21F8070F003C8940 /* TMDB_ChallengeUITests.swift */,
				189E1D0F21F8070F003C8940 /* Info.plist */,
			);
			path = "TMDB-ChallengeUITests";
			sourceTree = "<group>";
		};
		47385C4A0BEC05F7898492F9 /* Frameworks */ = {
			isa = PBXGroup;
			children = (
				78AC0426DB15B6B2C68DBA49 /* Pods_TMDB_Challenge.framework */,
				C38243BA956107650F0BD30C /* Pods_TMDB_ChallengeTests.framework */,
				17D552B381BCB1F891F7296D /* Pods_TMDB_ChallengeUITests.framework */,
			);
			name = Frameworks;
			sourceTree = "<group>";
		};
		A6D83D89E7E9F0DC2BEA5FFE /* Pods */ = {
			isa = PBXGroup;
			children = (
				C145FC99F0E68E258D9624E4 /* Pods-TMDB-Challenge.debug.xcconfig */,
				BF60C671E180D09A14864031 /* Pods-TMDB-Challenge.release.xcconfig */,
				6F0080E379FBA8D603EBA446 /* Pods-TMDB-ChallengeTests.debug.xcconfig */,
				D9734B17EC711D1A2DDBA30B /* Pods-TMDB-ChallengeTests.release.xcconfig */,
				D50F57315F6E89512F3DA81C /* Pods-TMDB-ChallengeUITests.debug.xcconfig */,
				607353A3AE5CFE512810A1EA /* Pods-TMDB-ChallengeUITests.release.xcconfig */,
			);
			name = Pods;
			sourceTree = "<group>";
		};
/* End PBXGroup section */

/* Begin PBXNativeTarget section */
		189E1CE921F80703003C8940 /* TMDB-Challenge */ = {
			isa = PBXNativeTarget;
			buildConfigurationList = 189E1D1221F8070F003C8940 /* Build configuration list for PBXNativeTarget "TMDB-Challenge" */;
			buildPhases = (
				695EC330BA0977C2BEF14F7F /* [CP] Check Pods Manifest.lock */,
				189E1CE621F80703003C8940 /* Sources */,
				189E1CE721F80703003C8940 /* Frameworks */,
				189E1CE821F80703003C8940 /* Resources */,
				2E20AB915914A65B3D572B40 /* [CP] Embed Pods Frameworks */,
			);
			buildRules = (
			);
			dependencies = (
			);
			name = "TMDB-Challenge";
			productName = "TMDB-Challenge";
			productReference = 189E1CEA21F80703003C8940 /* TMDB-Challenge.app */;
			productType = "com.apple.product-type.application";
		};
		189E1CFD21F8070F003C8940 /* TMDB-ChallengeTests */ = {
			isa = PBXNativeTarget;
			buildConfigurationList = 189E1D1521F8070F003C8940 /* Build configuration list for PBXNativeTarget "TMDB-ChallengeTests" */;
			buildPhases = (
				608C4472CA99534DA2DB84BA /* [CP] Check Pods Manifest.lock */,
				189E1CFA21F8070F003C8940 /* Sources */,
				189E1CFB21F8070F003C8940 /* Frameworks */,
				189E1CFC21F8070F003C8940 /* Resources */,
			);
			buildRules = (
			);
			dependencies = (
				189E1D0021F8070F003C8940 /* PBXTargetDependency */,
			);
			name = "TMDB-ChallengeTests";
			productName = "TMDB-ChallengeTests";
			productReference = 189E1CFE21F8070F003C8940 /* TMDB-ChallengeTests.xctest */;
			productType = "com.apple.product-type.bundle.unit-test";
		};
		189E1D0821F8070F003C8940 /* TMDB-ChallengeUITests */ = {
			isa = PBXNativeTarget;
			buildConfigurationList = 189E1D1821F8070F003C8940 /* Build configuration list for PBXNativeTarget "TMDB-ChallengeUITests" */;
			buildPhases = (
				3DB9EB99D3E9CDD3B8C31D83 /* [CP] Check Pods Manifest.lock */,
				189E1D0521F8070F003C8940 /* Sources */,
				189E1D0621F8070F003C8940 /* Frameworks */,
				189E1D0721F8070F003C8940 /* Resources */,
			);
			buildRules = (
			);
			dependencies = (
				189E1D0B21F8070F003C8940 /* PBXTargetDependency */,
			);
			name = "TMDB-ChallengeUITests";
			productName = "TMDB-ChallengeUITests";
			productReference = 189E1D0921F8070F003C8940 /* TMDB-ChallengeUITests.xctest */;
			productType = "com.apple.product-type.bundle.ui-testing";
		};
/* End PBXNativeTarget section */

/* Begin PBXProject section */
		189E1CE221F80703003C8940 /* Project object */ = {
			isa = PBXProject;
			attributes = {
				LastSwiftUpdateCheck = 1010;
				LastUpgradeCheck = 1010;
				ORGANIZATIONNAME = "Jorge Mendoza";
				TargetAttributes = {
					189E1CE921F80703003C8940 = {
						CreatedOnToolsVersion = 10.1;
					};
					189E1CFD21F8070F003C8940 = {
						CreatedOnToolsVersion = 10.1;
						TestTargetID = 189E1CE921F80703003C8940;
					};
					189E1D0821F8070F003C8940 = {
						CreatedOnToolsVersion = 10.1;
						TestTargetID = 189E1CE921F80703003C8940;
					};
				};
			};
			buildConfigurationList = 189E1CE521F80703003C8940 /* Build configuration list for PBXProject "TMDB-Challenge" */;
			compatibilityVersion = "Xcode 9.3";
			developmentRegion = en;
			hasScannedForEncodings = 0;
			knownRegions = (
				en,
				Base,
			);
			mainGroup = 189E1CE121F80703003C8940;
			productRefGroup = 189E1CEB21F80703003C8940 /* Products */;
			projectDirPath = "";
			projectRoot = "";
			targets = (
				189E1CE921F80703003C8940 /* TMDB-Challenge */,
				189E1CFD21F8070F003C8940 /* TMDB-ChallengeTests */,
				189E1D0821F8070F003C8940 /* TMDB-ChallengeUITests */,
			);
		};
/* End PBXProject section */

/* Begin PBXResourcesBuildPhase section */
		189E1CE821F80703003C8940 /* Resources */ = {
			isa = PBXResourcesBuildPhase;
			buildActionMask = 2147483647;
			files = (
				189E1CF821F8070E003C8940 /* LaunchScreen.storyboard in Resources */,
				189E1CF521F8070E003C8940 /* Assets.xcassets in Resources */,
			);
			runOnlyForDeploymentPostprocessing = 0;
		};
		189E1CFC21F8070F003C8940 /* Resources */ = {
			isa = PBXResourcesBuildPhase;
			buildActionMask = 2147483647;
			files = (
			);
			runOnlyForDeploymentPostprocessing = 0;
		};
		189E1D0721F8070F003C8940 /* Resources */ = {
			isa = PBXResourcesBuildPhase;
			buildActionMask = 2147483647;
			files = (
			);
			runOnlyForDeploymentPostprocessing = 0;
		};
/* End PBXResourcesBuildPhase section */

/* Begin PBXShellScriptBuildPhase section */
		2E20AB915914A65B3D572B40 /* [CP] Embed Pods Frameworks */ = {
			isa = PBXShellScriptBuildPhase;
			buildActionMask = 2147483647;
			files = (
			);
			inputPaths = (
				"${SRCROOT}/Pods/Target Support Files/Pods-TMDB-Challenge/Pods-TMDB-Challenge-frameworks.sh",
				"${BUILT_PRODUCTS_DIR}/PureLayout/PureLayout.framework",
				"${BUILT_PRODUCTS_DIR}/moa/moa.framework",
			);
			name = "[CP] Embed Pods Frameworks";
			outputPaths = (
				"${TARGET_BUILD_DIR}/${FRAMEWORKS_FOLDER_PATH}/PureLayout.framework",
				"${TARGET_BUILD_DIR}/${FRAMEWORKS_FOLDER_PATH}/moa.framework",
			);
			runOnlyForDeploymentPostprocessing = 0;
			shellPath = /bin/sh;
			shellScript = "\"${SRCROOT}/Pods/Target Support Files/Pods-TMDB-Challenge/Pods-TMDB-Challenge-frameworks.sh\"\n";
			showEnvVarsInLog = 0;
		};
		3DB9EB99D3E9CDD3B8C31D83 /* [CP] Check Pods Manifest.lock */ = {
			isa = PBXShellScriptBuildPhase;
			buildActionMask = 2147483647;
			files = (
			);
			inputPaths = (
				"${PODS_PODFILE_DIR_PATH}/Podfile.lock",
				"${PODS_ROOT}/Manifest.lock",
			);
			name = "[CP] Check Pods Manifest.lock";
			outputPaths = (
				"$(DERIVED_FILE_DIR)/Pods-TMDB-ChallengeUITests-checkManifestLockResult.txt",
			);
			runOnlyForDeploymentPostprocessing = 0;
			shellPath = /bin/sh;
			shellScript = "diff \"${PODS_PODFILE_DIR_PATH}/Podfile.lock\" \"${PODS_ROOT}/Manifest.lock\" > /dev/null\nif [ $? != 0 ] ; then\n    # print error to STDERR\n    echo \"error: The sandbox is not in sync with the Podfile.lock. Run 'pod install' or update your CocoaPods installation.\" >&2\n    exit 1\nfi\n# This output is used by Xcode 'outputs' to avoid re-running this script phase.\necho \"SUCCESS\" > \"${SCRIPT_OUTPUT_FILE_0}\"\n";
			showEnvVarsInLog = 0;
		};
		608C4472CA99534DA2DB84BA /* [CP] Check Pods Manifest.lock */ = {
			isa = PBXShellScriptBuildPhase;
			buildActionMask = 2147483647;
			files = (
			);
			inputPaths = (
				"${PODS_PODFILE_DIR_PATH}/Podfile.lock",
				"${PODS_ROOT}/Manifest.lock",
			);
			name = "[CP] Check Pods Manifest.lock";
			outputPaths = (
				"$(DERIVED_FILE_DIR)/Pods-TMDB-ChallengeTests-checkManifestLockResult.txt",
			);
			runOnlyForDeploymentPostprocessing = 0;
			shellPath = /bin/sh;
			shellScript = "diff \"${PODS_PODFILE_DIR_PATH}/Podfile.lock\" \"${PODS_ROOT}/Manifest.lock\" > /dev/null\nif [ $? != 0 ] ; then\n    # print error to STDERR\n    echo \"error: The sandbox is not in sync with the Podfile.lock. Run 'pod install' or update your CocoaPods installation.\" >&2\n    exit 1\nfi\n# This output is used by Xcode 'outputs' to avoid re-running this script phase.\necho \"SUCCESS\" > \"${SCRIPT_OUTPUT_FILE_0}\"\n";
			showEnvVarsInLog = 0;
		};
		695EC330BA0977C2BEF14F7F /* [CP] Check Pods Manifest.lock */ = {
			isa = PBXShellScriptBuildPhase;
			buildActionMask = 2147483647;
			files = (
			);
			inputPaths = (
				"${PODS_PODFILE_DIR_PATH}/Podfile.lock",
				"${PODS_ROOT}/Manifest.lock",
			);
			name = "[CP] Check Pods Manifest.lock";
			outputPaths = (
				"$(DERIVED_FILE_DIR)/Pods-TMDB-Challenge-checkManifestLockResult.txt",
			);
			runOnlyForDeploymentPostprocessing = 0;
			shellPath = /bin/sh;
			shellScript = "diff \"${PODS_PODFILE_DIR_PATH}/Podfile.lock\" \"${PODS_ROOT}/Manifest.lock\" > /dev/null\nif [ $? != 0 ] ; then\n    # print error to STDERR\n    echo \"error: The sandbox is not in sync with the Podfile.lock. Run 'pod install' or update your CocoaPods installation.\" >&2\n    exit 1\nfi\n# This output is used by Xcode 'outputs' to avoid re-running this script phase.\necho \"SUCCESS\" > \"${SCRIPT_OUTPUT_FILE_0}\"\n";
			showEnvVarsInLog = 0;
		};
/* End PBXShellScriptBuildPhase section */

/* Begin PBXSourcesBuildPhase section */
		189E1CE621F80703003C8940 /* Sources */ = {
			isa = PBXSourcesBuildPhase;
			buildActionMask = 2147483647;
			files = (
				189E1CF021F80703003C8940 /* ViewController.swift in Sources */,
				186FA85B21FABF7B005E5BE0 /* Colors.swift in Sources */,
				186FA84F21FA169F005E5BE0 /* Upcoming.swift in Sources */,
				186FA85921FAAF34005E5BE0 /* MovieTableViewCell.swift in Sources */,
				186FA85421FA6CD7005E5BE0 /* GenericTableViewController.swift in Sources */,
				186FA84D21FA055A005E5BE0 /* Service.swift in Sources */,
				186FA85121FA359C005E5BE0 /* Search.swift in Sources */,
				186FA85621FA8F3C005E5BE0 /* HomeViewController.swift in Sources */,
				189E1CEE21F80703003C8940 /* AppDelegate.swift in Sources */,
				186FA84B21FA03C3005E5BE0 /* Movie.swift in Sources */,
			);
			runOnlyForDeploymentPostprocessing = 0;
		};
		189E1CFA21F8070F003C8940 /* Sources */ = {
			isa = PBXSourcesBuildPhase;
			buildActionMask = 2147483647;
			files = (
				189E1D0321F8070F003C8940 /* TMDB_ChallengeTests.swift in Sources */,
			);
			runOnlyForDeploymentPostprocessing = 0;
		};
		189E1D0521F8070F003C8940 /* Sources */ = {
			isa = PBXSourcesBuildPhase;
			buildActionMask = 2147483647;
			files = (
				189E1D0E21F8070F003C8940 /* TMDB_ChallengeUITests.swift in Sources */,
			);
			runOnlyForDeploymentPostprocessing = 0;
		};
/* End PBXSourcesBuildPhase section */

/* Begin PBXTargetDependency section */
		189E1D0021F8070F003C8940 /* PBXTargetDependency */ = {
			isa = PBXTargetDependency;
			target = 189E1CE921F80703003C8940 /* TMDB-Challenge */;
			targetProxy = 189E1CFF21F8070F003C8940 /* PBXContainerItemProxy */;
		};
		189E1D0B21F8070F003C8940 /* PBXTargetDependency */ = {
			isa = PBXTargetDependency;
			target = 189E1CE921F80703003C8940 /* TMDB-Challenge */;
			targetProxy = 189E1D0A21F8070F003C8940 /* PBXContainerItemProxy */;
		};
/* End PBXTargetDependency section */

/* Begin PBXVariantGroup section */
		189E1CF621F8070E003C8940 /* LaunchScreen.storyboard */ = {
			isa = PBXVariantGroup;
			children = (
				189E1CF721F8070E003C8940 /* Base */,
			);
			name = LaunchScreen.storyboard;
			sourceTree = "<group>";
		};
/* End PBXVariantGroup section */

/* Begin XCBuildConfiguration section */
		189E1D1021F8070F003C8940 /* Debug */ = {
			isa = XCBuildConfiguration;
			buildSettings = {
				ALWAYS_SEARCH_USER_PATHS = NO;
				CLANG_ANALYZER_NONNULL = YES;
				CLANG_ANALYZER_NUMBER_OBJECT_CONVERSION = YES_AGGRESSIVE;
				CLANG_CXX_LANGUAGE_STANDARD = "gnu++14";
				CLANG_CXX_LIBRARY = "libc++";
				CLANG_ENABLE_MODULES = YES;
				CLANG_ENABLE_OBJC_ARC = YES;
				CLANG_ENABLE_OBJC_WEAK = YES;
				CLANG_WARN_BLOCK_CAPTURE_AUTORELEASING = YES;
				CLANG_WARN_BOOL_CONVERSION = YES;
				CLANG_WARN_COMMA = YES;
				CLANG_WARN_CONSTANT_CONVERSION = YES;
				CLANG_WARN_DEPRECATED_OBJC_IMPLEMENTATIONS = YES;
				CLANG_WARN_DIRECT_OBJC_ISA_USAGE = YES_ERROR;
				CLANG_WARN_DOCUMENTATION_COMMENTS = YES;
				CLANG_WARN_EMPTY_BODY = YES;
				CLANG_WARN_ENUM_CONVERSION = YES;
				CLANG_WARN_INFINITE_RECURSION = YES;
				CLANG_WARN_INT_CONVERSION = YES;
				CLANG_WARN_NON_LITERAL_NULL_CONVERSION = YES;
				CLANG_WARN_OBJC_IMPLICIT_RETAIN_SELF = YES;
				CLANG_WARN_OBJC_LITERAL_CONVERSION = YES;
				CLANG_WARN_OBJC_ROOT_CLASS = YES_ERROR;
				CLANG_WARN_RANGE_LOOP_ANALYSIS = YES;
				CLANG_WARN_STRICT_PROTOTYPES = YES;
				CLANG_WARN_SUSPICIOUS_MOVE = YES;
				CLANG_WARN_UNGUARDED_AVAILABILITY = YES_AGGRESSIVE;
				CLANG_WARN_UNREACHABLE_CODE = YES;
				CLANG_WARN__DUPLICATE_METHOD_MATCH = YES;
				CODE_SIGN_IDENTITY = "iPhone Developer";
				COPY_PHASE_STRIP = NO;
				DEBUG_INFORMATION_FORMAT = dwarf;
				ENABLE_STRICT_OBJC_MSGSEND = YES;
				ENABLE_TESTABILITY = YES;
				GCC_C_LANGUAGE_STANDARD = gnu11;
				GCC_DYNAMIC_NO_PIC = NO;
				GCC_NO_COMMON_BLOCKS = YES;
				GCC_OPTIMIZATION_LEVEL = 0;
				GCC_PREPROCESSOR_DEFINITIONS = (
					"DEBUG=1",
					"$(inherited)",
				);
				GCC_WARN_64_TO_32_BIT_CONVERSION = YES;
				GCC_WARN_ABOUT_RETURN_TYPE = YES_ERROR;
				GCC_WARN_UNDECLARED_SELECTOR = YES;
				GCC_WARN_UNINITIALIZED_AUTOS = YES_AGGRESSIVE;
				GCC_WARN_UNUSED_FUNCTION = YES;
				GCC_WARN_UNUSED_VARIABLE = YES;
				IPHONEOS_DEPLOYMENT_TARGET = 12.1;
				MTL_ENABLE_DEBUG_INFO = INCLUDE_SOURCE;
				MTL_FAST_MATH = YES;
				ONLY_ACTIVE_ARCH = YES;
				SDKROOT = iphoneos;
				SWIFT_ACTIVE_COMPILATION_CONDITIONS = DEBUG;
				SWIFT_OPTIMIZATION_LEVEL = "-Onone";
			};
			name = Debug;
		};
		189E1D1121F8070F003C8940 /* Release */ = {
			isa = XCBuildConfiguration;
			buildSettings = {
				ALWAYS_SEARCH_USER_PATHS = NO;
				CLANG_ANALYZER_NONNULL = YES;
				CLANG_ANALYZER_NUMBER_OBJECT_CONVERSION = YES_AGGRESSIVE;
				CLANG_CXX_LANGUAGE_STANDARD = "gnu++14";
				CLANG_CXX_LIBRARY = "libc++";
				CLANG_ENABLE_MODULES = YES;
				CLANG_ENABLE_OBJC_ARC = YES;
				CLANG_ENABLE_OBJC_WEAK = YES;
				CLANG_WARN_BLOCK_CAPTURE_AUTORELEASING = YES;
				CLANG_WARN_BOOL_CONVERSION = YES;
				CLANG_WARN_COMMA = YES;
				CLANG_WARN_CONSTANT_CONVERSION = YES;
				CLANG_WARN_DEPRECATED_OBJC_IMPLEMENTATIONS = YES;
				CLANG_WARN_DIRECT_OBJC_ISA_USAGE = YES_ERROR;
				CLANG_WARN_DOCUMENTATION_COMMENTS = YES;
				CLANG_WARN_EMPTY_BODY = YES;
				CLANG_WARN_ENUM_CONVERSION = YES;
				CLANG_WARN_INFINITE_RECURSION = YES;
				CLANG_WARN_INT_CONVERSION = YES;
				CLANG_WARN_NON_LITERAL_NULL_CONVERSION = YES;
				CLANG_WARN_OBJC_IMPLICIT_RETAIN_SELF = YES;
				CLANG_WARN_OBJC_LITERAL_CONVERSION = YES;
				CLANG_WARN_OBJC_ROOT_CLASS = YES_ERROR;
				CLANG_WARN_RANGE_LOOP_ANALYSIS = YES;
				CLANG_WARN_STRICT_PROTOTYPES = YES;
				CLANG_WARN_SUSPICIOUS_MOVE = YES;
				CLANG_WARN_UNGUARDED_AVAILABILITY = YES_AGGRESSIVE;
				CLANG_WARN_UNREACHABLE_CODE = YES;
				CLANG_WARN__DUPLICATE_METHOD_MATCH = YES;
				CODE_SIGN_IDENTITY = "iPhone Developer";
				COPY_PHASE_STRIP = NO;
				DEBUG_INFORMATION_FORMAT = "dwarf-with-dsym";
				ENABLE_NS_ASSERTIONS = NO;
				ENABLE_STRICT_OBJC_MSGSEND = YES;
				GCC_C_LANGUAGE_STANDARD = gnu11;
				GCC_NO_COMMON_BLOCKS = YES;
				GCC_WARN_64_TO_32_BIT_CONVERSION = YES;
				GCC_WARN_ABOUT_RETURN_TYPE = YES_ERROR;
				GCC_WARN_UNDECLARED_SELECTOR = YES;
				GCC_WARN_UNINITIALIZED_AUTOS = YES_AGGRESSIVE;
				GCC_WARN_UNUSED_FUNCTION = YES;
				GCC_WARN_UNUSED_VARIABLE = YES;
				IPHONEOS_DEPLOYMENT_TARGET = 12.1;
				MTL_ENABLE_DEBUG_INFO = NO;
				MTL_FAST_MATH = YES;
				SDKROOT = iphoneos;
				SWIFT_COMPILATION_MODE = wholemodule;
				SWIFT_OPTIMIZATION_LEVEL = "-O";
				VALIDATE_PRODUCT = YES;
			};
			name = Release;
		};
		189E1D1321F8070F003C8940 /* Debug */ = {
			isa = XCBuildConfiguration;
			baseConfigurationReference = C145FC99F0E68E258D9624E4 /* Pods-TMDB-Challenge.debug.xcconfig */;
			buildSettings = {
				ASSETCATALOG_COMPILER_APPICON_NAME = AppIcon;
				CODE_SIGN_STYLE = Automatic;
				DEVELOPMENT_TEAM = 7G2PMCVCH6;
				INFOPLIST_FILE = "TMDB-Challenge/Info.plist";
				LD_RUNPATH_SEARCH_PATHS = (
					"$(inherited)",
					"@executable_path/Frameworks",
				);
				PRODUCT_BUNDLE_IDENTIFIER = "JM.TMDB-Challenge";
				PRODUCT_NAME = "$(TARGET_NAME)";
				SWIFT_VERSION = 4.2;
				TARGETED_DEVICE_FAMILY = "1,2";
			};
			name = Debug;
		};
		189E1D1421F8070F003C8940 /* Release */ = {
			isa = XCBuildConfiguration;
			baseConfigurationReference = BF60C671E180D09A14864031 /* Pods-TMDB-Challenge.release.xcconfig */;
			buildSettings = {
				ASSETCATALOG_COMPILER_APPICON_NAME = AppIcon;
				CODE_SIGN_STYLE = Automatic;
				DEVELOPMENT_TEAM = 7G2PMCVCH6;
				INFOPLIST_FILE = "TMDB-Challenge/Info.plist";
				LD_RUNPATH_SEARCH_PATHS = (
					"$(inherited)",
					"@executable_path/Frameworks",
				);
				PRODUCT_BUNDLE_IDENTIFIER = "JM.TMDB-Challenge";
				PRODUCT_NAME = "$(TARGET_NAME)";
				SWIFT_VERSION = 4.2;
				TARGETED_DEVICE_FAMILY = "1,2";
			};
			name = Release;
		};
		189E1D1621F8070F003C8940 /* Debug */ = {
			isa = XCBuildConfiguration;
			baseConfigurationReference = 6F0080E379FBA8D603EBA446 /* Pods-TMDB-ChallengeTests.debug.xcconfig */;
			buildSettings = {
				ALWAYS_EMBED_SWIFT_STANDARD_LIBRARIES = YES;
				BUNDLE_LOADER = "$(TEST_HOST)";
				CODE_SIGN_STYLE = Automatic;
				DEVELOPMENT_TEAM = 7G2PMCVCH6;
				INFOPLIST_FILE = "TMDB-ChallengeTests/Info.plist";
				LD_RUNPATH_SEARCH_PATHS = (
					"$(inherited)",
					"@executable_path/Frameworks",
					"@loader_path/Frameworks",
				);
				PRODUCT_BUNDLE_IDENTIFIER = "JM.TMDB-ChallengeTests";
				PRODUCT_NAME = "$(TARGET_NAME)";
				SWIFT_VERSION = 4.2;
				TARGETED_DEVICE_FAMILY = "1,2";
				TEST_HOST = "$(BUILT_PRODUCTS_DIR)/TMDB-Challenge.app/TMDB-Challenge";
			};
			name = Debug;
		};
		189E1D1721F8070F003C8940 /* Release */ = {
			isa = XCBuildConfiguration;
			baseConfigurationReference = D9734B17EC711D1A2DDBA30B /* Pods-TMDB-ChallengeTests.release.xcconfig */;
			buildSettings = {
				ALWAYS_EMBED_SWIFT_STANDARD_LIBRARIES = YES;
				BUNDLE_LOADER = "$(TEST_HOST)";
				CODE_SIGN_STYLE = Automatic;
				DEVELOPMENT_TEAM = 7G2PMCVCH6;
				INFOPLIST_FILE = "TMDB-ChallengeTests/Info.plist";
				LD_RUNPATH_SEARCH_PATHS = (
					"$(inherited)",
					"@executable_path/Frameworks",
					"@loader_path/Frameworks",
				);
				PRODUCT_BUNDLE_IDENTIFIER = "JM.TMDB-ChallengeTests";
				PRODUCT_NAME = "$(TARGET_NAME)";
				SWIFT_VERSION = 4.2;
				TARGETED_DEVICE_FAMILY = "1,2";
				TEST_HOST = "$(BUILT_PRODUCTS_DIR)/TMDB-Challenge.app/TMDB-Challenge";
			};
			name = Release;
		};
		189E1D1921F8070F003C8940 /* Debug */ = {
			isa = XCBuildConfiguration;
			baseConfigurationReference = D50F57315F6E89512F3DA81C /* Pods-TMDB-ChallengeUITests.debug.xcconfig */;
			buildSettings = {
				ALWAYS_EMBED_SWIFT_STANDARD_LIBRARIES = YES;
				CODE_SIGN_STYLE = Automatic;
				DEVELOPMENT_TEAM = 7G2PMCVCH6;
				INFOPLIST_FILE = "TMDB-ChallengeUITests/Info.plist";
				LD_RUNPATH_SEARCH_PATHS = (
					"$(inherited)",
					"@executable_path/Frameworks",
					"@loader_path/Frameworks",
				);
				PRODUCT_BUNDLE_IDENTIFIER = "JM.TMDB-ChallengeUITests";
				PRODUCT_NAME = "$(TARGET_NAME)";
				SWIFT_VERSION = 4.2;
				TARGETED_DEVICE_FAMILY = "1,2";
				TEST_TARGET_NAME = "TMDB-Challenge";
			};
			name = Debug;
		};
		189E1D1A21F8070F003C8940 /* Release */ = {
			isa = XCBuildConfiguration;
			baseConfigurationReference = 607353A3AE5CFE512810A1EA /* Pods-TMDB-ChallengeUITests.release.xcconfig */;
			buildSettings = {
				ALWAYS_EMBED_SWIFT_STANDARD_LIBRARIES = YES;
				CODE_SIGN_STYLE = Automatic;
				DEVELOPMENT_TEAM = 7G2PMCVCH6;
				INFOPLIST_FILE = "TMDB-ChallengeUITests/Info.plist";
				LD_RUNPATH_SEARCH_PATHS = (
					"$(inherited)",
					"@executable_path/Frameworks",
					"@loader_path/Frameworks",
				);
				PRODUCT_BUNDLE_IDENTIFIER = "JM.TMDB-ChallengeUITests";
				PRODUCT_NAME = "$(TARGET_NAME)";
				SWIFT_VERSION = 4.2;
				TARGETED_DEVICE_FAMILY = "1,2";
				TEST_TARGET_NAME = "TMDB-Challenge";
			};
			name = Release;
		};
/* End XCBuildConfiguration section */

/* Begin XCConfigurationList section */
		189E1CE521F80703003C8940 /* Build configuration list for PBXProject "TMDB-Challenge" */ = {
			isa = XCConfigurationList;
			buildConfigurations = (
				189E1D1021F8070F003C8940 /* Debug */,
				189E1D1121F8070F003C8940 /* Release */,
			);
			defaultConfigurationIsVisible = 0;
			defaultConfigurationName = Release;
		};
		189E1D1221F8070F003C8940 /* Build configuration list for PBXNativeTarget "TMDB-Challenge" */ = {
			isa = XCConfigurationList;
			buildConfigurations = (
				189E1D1321F8070F003C8940 /* Debug */,
				189E1D1421F8070F003C8940 /* Release */,
			);
			defaultConfigurationIsVisible = 0;
			defaultConfigurationName = Release;
		};
		189E1D1521F8070F003C8940 /* Build configuration list for PBXNativeTarget "TMDB-ChallengeTests" */ = {
			isa = XCConfigurationList;
			buildConfigurations = (
				189E1D1621F8070F003C8940 /* Debug */,
				189E1D1721F8070F003C8940 /* Release */,
			);
			defaultConfigurationIsVisible = 0;
			defaultConfigurationName = Release;
		};
		189E1D1821F8070F003C8940 /* Build configuration list for PBXNativeTarget "TMDB-ChallengeUITests" */ = {
			isa = XCConfigurationList;
			buildConfigurations = (
				189E1D1921F8070F003C8940 /* Debug */,
				189E1D1A21F8070F003C8940 /* Release */,
			);
			defaultConfigurationIsVisible = 0;
			defaultConfigurationName = Release;
		};
/* End XCConfigurationList section */
	};
	rootObject = 189E1CE221F80703003C8940 /* Project object */;
}
